// !$*UTF8*$!
{
	archiveVersion = 1;
	classes = {
	};
	objectVersion = 56;
	objects = {

/* Begin PBXBuildFile section */
		DDD749492B84F9DA00675EA7 /* swiftui1App.swift in Sources */ = {isa = PBXBuildFile; fileRef = DDD749482B84F9DA00675EA7 /* swiftui1App.swift */; };
		DDD7494B2B84F9DA00675EA7 /* ContentView.swift in Sources */ = {isa = PBXBuildFile; fileRef = DDD7494A2B84F9DA00675EA7 /* ContentView.swift */; };
		DDD7494D2B84F9DB00675EA7 /* Assets.xcassets in Resources */ = {isa = PBXBuildFile; fileRef = DDD7494C2B84F9DB00675EA7 /* Assets.xcassets */; };
		DDD749502B84F9DB00675EA7 /* Preview Assets.xcassets in Resources */ = {isa = PBXBuildFile; fileRef = DDD7494F2B84F9DB00675EA7 /* Preview Assets.xcassets */; };
		DDD7495A2B84F9DB00675EA7 /* swiftui1Tests.swift in Sources */ = {isa = PBXBuildFile; fileRef = DDD749592B84F9DB00675EA7 /* swiftui1Tests.swift */; };
		DDD749642B84F9DB00675EA7 /* swiftui1UITests.swift in Sources */ = {isa = PBXBuildFile; fileRef = DDD749632B84F9DB00675EA7 /* swiftui1UITests.swift */; };
		DDD749662B84F9DB00675EA7 /* swiftui1UITestsLaunchTests.swift in Sources */ = {isa = PBXBuildFile; fileRef = DDD749652B84F9DB00675EA7 /* swiftui1UITestsLaunchTests.swift */; };
		DDD749752B85101E00675EA7 /* ColorSliderView.swift in Sources */ = {isa = PBXBuildFile; fileRef = DDD749742B85101D00675EA7 /* ColorSliderView.swift */; };
		DDD749772B851C7700675EA7 /* week.swift in Sources */ = {isa = PBXBuildFile; fileRef = DDD749762B851C7700675EA7 /* week.swift */; };
/* End PBXBuildFile section */

/* Begin PBXContainerItemProxy section */
		DDD749562B84F9DB00675EA7 /* PBXContainerItemProxy */ = {
			isa = PBXContainerItemProxy;
			containerPortal = DDD7493D2B84F9DA00675EA7 /* Project object */;
			proxyType = 1;
			remoteGlobalIDString = DDD749442B84F9DA00675EA7;
			remoteInfo = swiftui1;
		};
		DDD749602B84F9DB00675EA7 /* PBXContainerItemProxy */ = {
			isa = PBXContainerItemProxy;
			containerPortal = DDD7493D2B84F9DA00675EA7 /* Project object */;
			proxyType = 1;
			remoteGlobalIDString = DDD749442B84F9DA00675EA7;
			remoteInfo = swiftui1;
		};
/* End PBXContainerItemProxy section */

/* Begin PBXFileReference section */
		DDD749452B84F9DA00675EA7 /* swiftui1.app */ = {isa = PBXFileReference; explicitFileType = wrapper.application; includeInIndex = 0; path = swiftui1.app; sourceTree = BUILT_PRODUCTS_DIR; };
		DDD749482B84F9DA00675EA7 /* swiftui1App.swift */ = {isa = PBXFileReference; lastKnownFileType = sourcecode.swift; path = swiftui1App.swift; sourceTree = "<group>"; };
		DDD7494A2B84F9DA00675EA7 /* ContentView.swift */ = {isa = PBXFileReference; lastKnownFileType = sourcecode.swift; path = ContentView.swift; sourceTree = "<group>"; };
		DDD7494C2B84F9DB00675EA7 /* Assets.xcassets */ = {isa = PBXFileReference; lastKnownFileType = folder.assetcatalog; path = Assets.xcassets; sourceTree = "<group>"; };
		DDD7494F2B84F9DB00675EA7 /* Preview Assets.xcassets */ = {isa = PBXFileReference; lastKnownFileType = folder.assetcatalog; path = "Preview Assets.xcassets"; sourceTree = "<group>"; };
		DDD749552B84F9DB00675EA7 /* swiftui1Tests.xctest */ = {isa = PBXFileReference; explicitFileType = wrapper.cfbundle; includeInIndex = 0; path = swiftui1Tests.xctest; sourceTree = BUILT_PRODUCTS_DIR; };
		DDD749592B84F9DB00675EA7 /* swiftui1Tests.swift */ = {isa = PBXFileReference; lastKnownFileType = sourcecode.swift; path = swiftui1Tests.swift; sourceTree = "<group>"; };
		DDD7495F2B84F9DB00675EA7 /* swiftui1UITests.xctest */ = {isa = PBXFileReference; explicitFileType = wrapper.cfbundle; includeInIndex = 0; path = swiftui1UITests.xctest; sourceTree = BUILT_PRODUCTS_DIR; };
		DDD749632B84F9DB00675EA7 /* swiftui1UITests.swift */ = {isa = PBXFileReference; lastKnownFileType = sourcecode.swift; path = swiftui1UITests.swift; sourceTree = "<group>"; };
		DDD749652B84F9DB00675EA7 /* swiftui1UITestsLaunchTests.swift */ = {isa = PBXFileReference; lastKnownFileType = sourcecode.swift; path = swiftui1UITestsLaunchTests.swift; sourceTree = "<group>"; };
		DDD749742B85101D00675EA7 /* ColorSliderView.swift */ = {isa = PBXFileReference; lastKnownFileType = sourcecode.swift; path = ColorSliderView.swift; sourceTree = "<group>"; };
		DDD749762B851C7700675EA7 /* week.swift */ = {isa = PBXFileReference; lastKnownFileType = sourcecode.swift; path = week.swift; sourceTree = "<group>"; };
/* End PBXFileReference section */

/* Begin PBXFrameworksBuildPhase section */
		DDD749422B84F9DA00675EA7 /* Frameworks */ = {
			isa = PBXFrameworksBuildPhase;
			buildActionMask = 2147483647;
			files = (
			);
			runOnlyForDeploymentPostprocessing = 0;
		};
		DDD749522B84F9DB00675EA7 /* Frameworks */ = {
			isa = PBXFrameworksBuildPhase;
			buildActionMask = 2147483647;
			files = (
			);
			runOnlyForDeploymentPostprocessing = 0;
		};
		DDD7495C2B84F9DB00675EA7 /* Frameworks */ = {
			isa = PBXFrameworksBuildPhase;
			buildActionMask = 2147483647;
			files = (
			);
			runOnlyForDeploymentPostprocessing = 0;
		};
/* End PBXFrameworksBuildPhase section */

/* Begin PBXGroup section */
		DDD7493C2B84F9DA00675EA7 = {
			isa = PBXGroup;
			children = (
				DDD749762B851C7700675EA7 /* week.swift */,
				DDD749742B85101D00675EA7 /* ColorSliderView.swift */,
				DDD749472B84F9DA00675EA7 /* swiftui1 */,
				DDD749582B84F9DB00675EA7 /* swiftui1Tests */,
				DDD749622B84F9DB00675EA7 /* swiftui1UITests */,
				DDD749462B84F9DA00675EA7 /* Products */,
			);
			sourceTree = "<group>";
		};
		DDD749462B84F9DA00675EA7 /* Products */ = {
			isa = PBXGroup;
			children = (
				DDD749452B84F9DA00675EA7 /* swiftui1.app */,
				DDD749552B84F9DB00675EA7 /* swiftui1Tests.xctest */,
				DDD7495F2B84F9DB00675EA7 /* swiftui1UITests.xctest */,
			);
			name = Products;
			sourceTree = "<group>";
		};
		DDD749472B84F9DA00675EA7 /* swiftui1 */ = {
			isa = PBXGroup;
			children = (
				DDD749482B84F9DA00675EA7 /* swiftui1App.swift */,
				DDD7494A2B84F9DA00675EA7 /* ContentView.swift */,
				DDD7494C2B84F9DB00675EA7 /* Assets.xcassets */,
				DDD7494E2B84F9DB00675EA7 /* Preview Content */,
			);
			path = swiftui1;
			sourceTree = "<group>";
		};
		DDD7494E2B84F9DB00675EA7 /* Preview Content */ = {
			isa = PBXGroup;
			children = (
				DDD7494F2B84F9DB00675EA7 /* Preview Assets.xcassets */,
			);
			path = "Preview Content";
			sourceTree = "<group>";
		};
		DDD749582B84F9DB00675EA7 /* swiftui1Tests */ = {
			isa = PBXGroup;
			children = (
				DDD749592B84F9DB00675EA7 /* swiftui1Tests.swift */,
			);
			path = swiftui1Tests;
			sourceTree = "<group>";
		};
		DDD749622B84F9DB00675EA7 /* swiftui1UITests */ = {
			isa = PBXGroup;
			children = (
				DDD749632B84F9DB00675EA7 /* swiftui1UITests.swift */,
				DDD749652B84F9DB00675EA7 /* swiftui1UITestsLaunchTests.swift */,
			);
			path = swiftui1UITests;
			sourceTree = "<group>";
		};
/* End PBXGroup section */

/* Begin PBXNativeTarget section */
		DDD749442B84F9DA00675EA7 /* swiftui1 */ = {
			isa = PBXNativeTarget;
			buildConfigurationList = DDD749692B84F9DB00675EA7 /* Build configuration list for PBXNativeTarget "swiftui1" */;
			buildPhases = (
				DDD749412B84F9DA00675EA7 /* Sources */,
				DDD749422B84F9DA00675EA7 /* Frameworks */,
				DDD749432B84F9DA00675EA7 /* Resources */,
			);
			buildRules = (
			);
			dependencies = (
			);
			name = swiftui1;
			productName = swiftui1;
			productReference = DDD749452B84F9DA00675EA7 /* swiftui1.app */;
			productType = "com.apple.product-type.application";
		};
		DDD749542B84F9DB00675EA7 /* swiftui1Tests */ = {
			isa = PBXNativeTarget;
			buildConfigurationList = DDD7496C2B84F9DB00675EA7 /* Build configuration list for PBXNativeTarget "swiftui1Tests" */;
			buildPhases = (
				DDD749512B84F9DB00675EA7 /* Sources */,
				DDD749522B84F9DB00675EA7 /* Frameworks */,
				DDD749532B84F9DB00675EA7 /* Resources */,
			);
			buildRules = (
			);
			dependencies = (
				DDD749572B84F9DB00675EA7 /* PBXTargetDependency */,
			);
			name = swiftui1Tests;
			productName = swiftui1Tests;
			productReference = DDD749552B84F9DB00675EA7 /* swiftui1Tests.xctest */;
			productType = "com.apple.product-type.bundle.unit-test";
		};
		DDD7495E2B84F9DB00675EA7 /* swiftui1UITests */ = {
			isa = PBXNativeTarget;
			buildConfigurationList = DDD7496F2B84F9DB00675EA7 /* Build configuration list for PBXNativeTarget "swiftui1UITests" */;
			buildPhases = (
				DDD7495B2B84F9DB00675EA7 /* Sources */,
				DDD7495C2B84F9DB00675EA7 /* Frameworks */,
				DDD7495D2B84F9DB00675EA7 /* Resources */,
			);
			buildRules = (
			);
			dependencies = (
				DDD749612B84F9DB00675EA7 /* PBXTargetDependency */,
			);
			name = swiftui1UITests;
			productName = swiftui1UITests;
			productReference = DDD7495F2B84F9DB00675EA7 /* swiftui1UITests.xctest */;
			productType = "com.apple.product-type.bundle.ui-testing";
		};
/* End PBXNativeTarget section */

/* Begin PBXProject section */
		DDD7493D2B84F9DA00675EA7 /* Project object */ = {
			isa = PBXProject;
			attributes = {
				BuildIndependentTargetsInParallel = 1;
				LastSwiftUpdateCheck = 1520;
				LastUpgradeCheck = 1520;
				TargetAttributes = {
					DDD749442B84F9DA00675EA7 = {
						CreatedOnToolsVersion = 15.2;
					};
					DDD749542B84F9DB00675EA7 = {
						CreatedOnToolsVersion = 15.2;
						TestTargetID = DDD749442B84F9DA00675EA7;
					};
					DDD7495E2B84F9DB00675EA7 = {
						CreatedOnToolsVersion = 15.2;
						TestTargetID = DDD749442B84F9DA00675EA7;
					};
				};
			};
			buildConfigurationList = DDD749402B84F9DA00675EA7 /* Build configuration list for PBXProject "swiftui1" */;
			compatibilityVersion = "Xcode 14.0";
			developmentRegion = en;
			hasScannedForEncodings = 0;
			knownRegions = (
				en,
				Base,
			);
			mainGroup = DDD7493C2B84F9DA00675EA7;
			productRefGroup = DDD749462B84F9DA00675EA7 /* Products */;
			projectDirPath = "";
			projectRoot = "";
			targets = (
				DDD749442B84F9DA00675EA7 /* swiftui1 */,
				DDD749542B84F9DB00675EA7 /* swiftui1Tests */,
				DDD7495E2B84F9DB00675EA7 /* swiftui1UITests */,
			);
		};
/* End PBXProject section */

/* Begin PBXResourcesBuildPhase section */
		DDD749432B84F9DA00675EA7 /* Resources */ = {
			isa = PBXResourcesBuildPhase;
			buildActionMask = 2147483647;
			files = (
				DDD749502B84F9DB00675EA7 /* Preview Assets.xcassets in Resources */,
				DDD7494D2B84F9DB00675EA7 /* Assets.xcassets in Resources */,
			);
			runOnlyForDeploymentPostprocessing = 0;
		};
		DDD749532B84F9DB00675EA7 /* Resources */ = {
			isa = PBXResourcesBuildPhase;
			buildActionMask = 2147483647;
			files = (
			);
			runOnlyForDeploymentPostprocessing = 0;
		};
		DDD7495D2B84F9DB00675EA7 /* Resources */ = {
			isa = PBXResourcesBuildPhase;
			buildActionMask = 2147483647;
			files = (
			);
			runOnlyForDeploymentPostprocessing = 0;
		};
/* End PBXResourcesBuildPhase section */

/* Begin PBXSourcesBuildPhase section */
		DDD749412B84F9DA00675EA7 /* Sources */ = {
			isa = PBXSourcesBuildPhase;
			buildActionMask = 2147483647;
			files = (
				DDD7494B2B84F9DA00675EA7 /* ContentView.swift in Sources */,
				DDD749772B851C7700675EA7 /* week.swift in Sources */,
				DDD749492B84F9DA00675EA7 /* swiftui1App.swift in Sources */,
				DDD749752B85101E00675EA7 /* ColorSliderView.swift in Sources */,
			);
			runOnlyForDeploymentPostprocessing = 0;
		};
		DDD749512B84F9DB00675EA7 /* Sources */ = {
			isa = PBXSourcesBuildPhase;
			buildActionMask = 2147483647;
			files = (
				DDD7495A2B84F9DB00675EA7 /* swiftui1Tests.swift in Sources */,
			);
			runOnlyForDeploymentPostprocessing = 0;
		};
		DDD7495B2B84F9DB00675EA7 /* Sources */ = {
			isa = PBXSourcesBuildPhase;
			buildActionMask = 2147483647;
			files = (
				DDD749662B84F9DB00675EA7 /* swiftui1UITestsLaunchTests.swift in Sources */,
				DDD749642B84F9DB00675EA7 /* swiftui1UITests.swift in Sources */,
			);
			runOnlyForDeploymentPostprocessing = 0;
		};
/* End PBXSourcesBuildPhase section */

/* Begin PBXTargetDependency section */
		DDD749572B84F9DB00675EA7 /* PBXTargetDependency */ = {
			isa = PBXTargetDependency;
			target = DDD749442B84F9DA00675EA7 /* swiftui1 */;
			targetProxy = DDD749562B84F9DB00675EA7 /* PBXContainerItemProxy */;
		};
		DDD749612B84F9DB00675EA7 /* PBXTargetDependency */ = {
			isa = PBXTargetDependency;
			target = DDD749442B84F9DA00675EA7 /* swiftui1 */;
			targetProxy = DDD749602B84F9DB00675EA7 /* PBXContainerItemProxy */;
		};
/* End PBXTargetDependency section */

/* Begin XCBuildConfiguration section */
		DDD749672B84F9DB00675EA7 /* Debug */ = {
			isa = XCBuildConfiguration;
			buildSettings = {
				ALWAYS_SEARCH_USER_PATHS = NO;
				ASSETCATALOG_COMPILER_GENERATE_SWIFT_ASSET_SYMBOL_EXTENSIONS = YES;
				CLANG_ANALYZER_NONNULL = YES;
				CLANG_ANALYZER_NUMBER_OBJECT_CONVERSION = YES_AGGRESSIVE;
				CLANG_CXX_LANGUAGE_STANDARD = "gnu++20";
				CLANG_ENABLE_MODULES = YES;
				CLANG_ENABLE_OBJC_ARC = YES;
				CLANG_ENABLE_OBJC_WEAK = YES;
				CLANG_WARN_BLOCK_CAPTURE_AUTORELEASING = YES;
				CLANG_WARN_BOOL_CONVERSION = YES;
				CLANG_WARN_COMMA = YES;
				CLANG_WARN_CONSTANT_CONVERSION = YES;
				CLANG_WARN_DEPRECATED_OBJC_IMPLEMENTATIONS = YES;
				CLANG_WARN_DIRECT_OBJC_ISA_USAGE = YES_ERROR;
				CLANG_WARN_DOCUMENTATION_COMMENTS = YES;
				CLANG_WARN_EMPTY_BODY = YES;
				CLANG_WARN_ENUM_CONVERSION = YES;
				CLANG_WARN_INFINITE_RECURSION = YES;
				CLANG_WARN_INT_CONVERSION = YES;
				CLANG_WARN_NON_LITERAL_NULL_CONVERSION = YES;
				CLANG_WARN_OBJC_IMPLICIT_RETAIN_SELF = YES;
				CLANG_WARN_OBJC_LITERAL_CONVERSION = YES;
				CLANG_WARN_OBJC_ROOT_CLASS = YES_ERROR;
				CLANG_WARN_QUOTED_INCLUDE_IN_FRAMEWORK_HEADER = YES;
				CLANG_WARN_RANGE_LOOP_ANALYSIS = YES;
				CLANG_WARN_STRICT_PROTOTYPES = YES;
				CLANG_WARN_SUSPICIOUS_MOVE = YES;
				CLANG_WARN_UNGUARDED_AVAILABILITY = YES_AGGRESSIVE;
				CLANG_WARN_UNREACHABLE_CODE = YES;
				CLANG_WARN__DUPLICATE_METHOD_MATCH = YES;
				COPY_PHASE_STRIP = NO;
				DEBUG_INFORMATION_FORMAT = dwarf;
				ENABLE_STRICT_OBJC_MSGSEND = YES;
				ENABLE_TESTABILITY = YES;
				ENABLE_USER_SCRIPT_SANDBOXING = YES;
				GCC_C_LANGUAGE_STANDARD = gnu17;
				GCC_DYNAMIC_NO_PIC = NO;
				GCC_NO_COMMON_BLOCKS = YES;
				GCC_OPTIMIZATION_LEVEL = 0;
				GCC_PREPROCESSOR_DEFINITIONS = (
					"DEBUG=1",
					"$(inherited)",
				);
				GCC_WARN_64_TO_32_BIT_CONVERSION = YES;
				GCC_WARN_ABOUT_RETURN_TYPE = YES_ERROR;
				GCC_WARN_UNDECLARED_SELECTOR = YES;
				GCC_WARN_UNINITIALIZED_AUTOS = YES_AGGRESSIVE;
				GCC_WARN_UNUSED_FUNCTION = YES;
				GCC_WARN_UNUSED_VARIABLE = YES;
				IPHONEOS_DEPLOYMENT_TARGET = 17.2;
				LOCALIZATION_PREFERS_STRING_CATALOGS = YES;
				MTL_ENABLE_DEBUG_INFO = INCLUDE_SOURCE;
				MTL_FAST_MATH = YES;
				ONLY_ACTIVE_ARCH = YES;
				SDKROOT = iphoneos;
				SWIFT_ACTIVE_COMPILATION_CONDITIONS = "DEBUG $(inherited)";
				SWIFT_OPTIMIZATION_LEVEL = "-Onone";
			};
			name = Debug;
		};
		DDD749682B84F9DB00675EA7 /* Release */ = {
			isa = XCBuildConfiguration;
			buildSettings = {
				ALWAYS_SEARCH_USER_PATHS = NO;
				ASSETCATALOG_COMPILER_GENERATE_SWIFT_ASSET_SYMBOL_EXTENSIONS = YES;
				CLANG_ANALYZER_NONNULL = YES;
				CLANG_ANALYZER_NUMBER_OBJECT_CONVERSION = YES_AGGRESSIVE;
				CLANG_CXX_LANGUAGE_STANDARD = "gnu++20";
				CLANG_ENABLE_MODULES = YES;
				CLANG_ENABLE_OBJC_ARC = YES;
				CLANG_ENABLE_OBJC_WEAK = YES;
				CLANG_WARN_BLOCK_CAPTURE_AUTORELEASING = YES;
				CLANG_WARN_BOOL_CONVERSION = YES;
				CLANG_WARN_COMMA = YES;
				CLANG_WARN_CONSTANT_CONVERSION = YES;
				CLANG_WARN_DEPRECATED_OBJC_IMPLEMENTATIONS = YES;
				CLANG_WARN_DIRECT_OBJC_ISA_USAGE = YES_ERROR;
				CLANG_WARN_DOCUMENTATION_COMMENTS = YES;
				CLANG_WARN_EMPTY_BODY = YES;
				CLANG_WARN_ENUM_CONVERSION = YES;
				CLANG_WARN_INFINITE_RECURSION = YES;
				CLANG_WARN_INT_CONVERSION = YES;
				CLANG_WARN_NON_LITERAL_NULL_CONVERSION = YES;
				CLANG_WARN_OBJC_IMPLICIT_RETAIN_SELF = YES;
				CLANG_WARN_OBJC_LITERAL_CONVERSION = YES;
				CLANG_WARN_OBJC_ROOT_CLASS = YES_ERROR;
				CLANG_WARN_QUOTED_INCLUDE_IN_FRAMEWORK_HEADER = YES;
				CLANG_WARN_RANGE_LOOP_ANALYSIS = YES;
				CLANG_WARN_STRICT_PROTOTYPES = YES;
				CLANG_WARN_SUSPICIOUS_MOVE = YES;
				CLANG_WARN_UNGUARDED_AVAILABILITY = YES_AGGRESSIVE;
				CLANG_WARN_UNREACHABLE_CODE = YES;
				CLANG_WARN__DUPLICATE_METHOD_MATCH = YES;
				COPY_PHASE_STRIP = NO;
				DEBUG_INFORMATION_FORMAT = "dwarf-with-dsym";
				ENABLE_NS_ASSERTIONS = NO;
				ENABLE_STRICT_OBJC_MSGSEND = YES;
				ENABLE_USER_SCRIPT_SANDBOXING = YES;
				GCC_C_LANGUAGE_STANDARD = gnu17;
				GCC_NO_COMMON_BLOCKS = YES;
				GCC_WARN_64_TO_32_BIT_CONVERSION = YES;
				GCC_WARN_ABOUT_RETURN_TYPE = YES_ERROR;
				GCC_WARN_UNDECLARED_SELECTOR = YES;
				GCC_WARN_UNINITIALIZED_AUTOS = YES_AGGRESSIVE;
				GCC_WARN_UNUSED_FUNCTION = YES;
				GCC_WARN_UNUSED_VARIABLE = YES;
				IPHONEOS_DEPLOYMENT_TARGET = 17.2;
				LOCALIZATION_PREFERS_STRING_CATALOGS = YES;
				MTL_ENABLE_DEBUG_INFO = NO;
				MTL_FAST_MATH = YES;
				SDKROOT = iphoneos;
				SWIFT_COMPILATION_MODE = wholemodule;
				VALIDATE_PRODUCT = YES;
			};
			name = Release;
		};
		DDD7496A2B84F9DB00675EA7 /* Debug */ = {
			isa = XCBuildConfiguration;
			buildSettings = {
				ASSETCATALOG_COMPILER_APPICON_NAME = AppIcon;
				ASSETCATALOG_COMPILER_GLOBAL_ACCENT_COLOR_NAME = AccentColor;
				CODE_SIGN_STYLE = Automatic;
				CURRENT_PROJECT_VERSION = 1;
				DEVELOPMENT_ASSET_PATHS = "\"swiftui1/Preview Content\"";
				DEVELOPMENT_TEAM = GU57YVNCCP;
				ENABLE_PREVIEWS = YES;
				GENERATE_INFOPLIST_FILE = YES;
				INFOPLIST_KEY_UIApplicationSceneManifest_Generation = YES;
				INFOPLIST_KEY_UIApplicationSupportsIndirectInputEvents = YES;
				INFOPLIST_KEY_UILaunchScreen_Generation = YES;
				INFOPLIST_KEY_UISupportedInterfaceOrientations_iPad = "UIInterfaceOrientationPortrait UIInterfaceOrientationPortraitUpsideDown UIInterfaceOrientationLandscapeLeft UIInterfaceOrientationLandscapeRight";
				INFOPLIST_KEY_UISupportedInterfaceOrientations_iPhone = "UIInterfaceOrientationPortrait UIInterfaceOrientationLandscapeLeft UIInterfaceOrientationLandscapeRight";
				LD_RUNPATH_SEARCH_PATHS = (
					"$(inherited)",
					"@executable_path/Frameworks",
				);
				MARKETING_VERSION = 1.0;
				PRODUCT_BUNDLE_IDENTIFIER = me.lakinduw.swiftui1;
				PRODUCT_NAME = "$(TARGET_NAME)";
				SWIFT_EMIT_LOC_STRINGS = YES;
				SWIFT_VERSION = 5.0;
				TARGETED_DEVICE_FAMILY = "1,2";
			};
			name = Debug;
		};
		DDD7496B2B84F9DB00675EA7 /* Release */ = {
			isa = XCBuildConfiguration;
			buildSettings = {
				ASSETCATALOG_COMPILER_APPICON_NAME = AppIcon;
				ASSETCATALOG_COMPILER_GLOBAL_ACCENT_COLOR_NAME = AccentColor;
				CODE_SIGN_STYLE = Automatic;
				CURRENT_PROJECT_VERSION = 1;
				DEVELOPMENT_ASSET_PATHS = "\"swiftui1/Preview Content\"";
				DEVELOPMENT_TEAM = GU57YVNCCP;
				ENABLE_PREVIEWS = YES;
				GENERATE_INFOPLIST_FILE = YES;
				INFOPLIST_KEY_UIApplicationSceneManifest_Generation = YES;
				INFOPLIST_KEY_UIApplicationSupportsIndirectInputEvents = YES;
				INFOPLIST_KEY_UILaunchScreen_Generation = YES;
				INFOPLIST_KEY_UISupportedInterfaceOrientations_iPad = "UIInterfaceOrientationPortrait UIInterfaceOrientationPortraitUpsideDown UIInterfaceOrientationLandscapeLeft UIInterfaceOrientationLandscapeRight";
				INFOPLIST_KEY_UISupportedInterfaceOrientations_iPhone = "UIInterfaceOrientationPortrait UIInterfaceOrientationLandscapeLeft UIInterfaceOrientationLandscapeRight";
				LD_RUNPATH_SEARCH_PATHS = (
					"$(inherited)",
					"@executable_path/Frameworks",
				);
				MARKETING_VERSION = 1.0;
				PRODUCT_BUNDLE_IDENTIFIER = me.lakinduw.swiftui1;
				PRODUCT_NAME = "$(TARGET_NAME)";
				SWIFT_EMIT_LOC_STRINGS = YES;
				SWIFT_VERSION = 5.0;
				TARGETED_DEVICE_FAMILY = "1,2";
			};
			name = Release;
		};
		DDD7496D2B84F9DB00675EA7 /* Debug */ = {
			isa = XCBuildConfiguration;
			buildSettings = {
				ALWAYS_EMBED_SWIFT_STANDARD_LIBRARIES = YES;
				BUNDLE_LOADER = "$(TEST_HOST)";
				CODE_SIGN_STYLE = Automatic;
				CURRENT_PROJECT_VERSION = 1;
				DEVELOPMENT_TEAM = GU57YVNCCP;
				GENERATE_INFOPLIST_FILE = YES;
				IPHONEOS_DEPLOYMENT_TARGET = 17.2;
				MARKETING_VERSION = 1.0;
				PRODUCT_BUNDLE_IDENTIFIER = me.lakinduw.swiftui1Tests;
				PRODUCT_NAME = "$(TARGET_NAME)";
				SWIFT_EMIT_LOC_STRINGS = NO;
				SWIFT_VERSION = 5.0;
				TARGETED_DEVICE_FAMILY = "1,2";
				TEST_HOST = "$(BUILT_PRODUCTS_DIR)/swiftui1.app/$(BUNDLE_EXECUTABLE_FOLDER_PATH)/swiftui1";
			};
			name = Debug;
		};
		DDD7496E2B84F9DB00675EA7 /* Release */ = {
			isa = XCBuildConfiguration;
			buildSettings = {
				ALWAYS_EMBED_SWIFT_STANDARD_LIBRARIES = YES;
				BUNDLE_LOADER = "$(TEST_HOST)";
				CODE_SIGN_STYLE = Automatic;
				CURRENT_PROJECT_VERSION = 1;
				DEVELOPMENT_TEAM = GU57YVNCCP;
				GENERATE_INFOPLIST_FILE = YES;
				IPHONEOS_DEPLOYMENT_TARGET = 17.2;
				MARKETING_VERSION = 1.0;
				PRODUCT_BUNDLE_IDENTIFIER = me.lakinduw.swiftui1Tests;
				PRODUCT_NAME = "$(TARGET_NAME)";
				SWIFT_EMIT_LOC_STRINGS = NO;
				SWIFT_VERSION = 5.0;
				TARGETED_DEVICE_FAMILY = "1,2";
				TEST_HOST = "$(BUILT_PRODUCTS_DIR)/swiftui1.app/$(BUNDLE_EXECUTABLE_FOLDER_PATH)/swiftui1";
			};
			name = Release;
		};
		DDD749702B84F9DB00675EA7 /* Debug */ = {
			isa = XCBuildConfiguration;
			buildSettings = {
				ALWAYS_EMBED_SWIFT_STANDARD_LIBRARIES = YES;
				CODE_SIGN_STYLE = Automatic;
				CURRENT_PROJECT_VERSION = 1;
				DEVELOPMENT_TEAM = GU57YVNCCP;
				GENERATE_INFOPLIST_FILE = YES;
				MARKETING_VERSION = 1.0;
				PRODUCT_BUNDLE_IDENTIFIER = me.lakinduw.swiftui1UITests;
				PRODUCT_NAME = "$(TARGET_NAME)";
				SWIFT_EMIT_LOC_STRINGS = NO;
				SWIFT_VERSION = 5.0;
				TARGETED_DEVICE_FAMILY = "1,2";
				TEST_TARGET_NAME = swiftui1;
			};
			name = Debug;
		};
		DDD749712B84F9DB00675EA7 /* Release */ = {
			isa = XCBuildConfiguration;
			buildSettings = {
				ALWAYS_EMBED_SWIFT_STANDARD_LIBRARIES = YES;
				CODE_SIGN_STYLE = Automatic;
				CURRENT_PROJECT_VERSION = 1;
				DEVELOPMENT_TEAM = GU57YVNCCP;
				GENERATE_INFOPLIST_FILE = YES;
				MARKETING_VERSION = 1.0;
				PRODUCT_BUNDLE_IDENTIFIER = me.lakinduw.swiftui1UITests;
				PRODUCT_NAME = "$(TARGET_NAME)";
				SWIFT_EMIT_LOC_STRINGS = NO;
				SWIFT_VERSION = 5.0;
				TARGETED_DEVICE_FAMILY = "1,2";
				TEST_TARGET_NAME = swiftui1;
			};
			name = Release;
		};
/* End XCBuildConfiguration section */

/* Begin XCConfigurationList section */
		DDD749402B84F9DA00675EA7 /* Build configuration list for PBXProject "swiftui1" */ = {
			isa = XCConfigurationList;
			buildConfigurations = (
				DDD749672B84F9DB00675EA7 /* Debug */,
				DDD749682B84F9DB00675EA7 /* Release */,
			);
			defaultConfigurationIsVisible = 0;
			defaultConfigurationName = Release;
		};
		DDD749692B84F9DB00675EA7 /* Build configuration list for PBXNativeTarget "swiftui1" */ = {
			isa = XCConfigurationList;
			buildConfigurations = (
				DDD7496A2B84F9DB00675EA7 /* Debug */,
				DDD7496B2B84F9DB00675EA7 /* Release */,
			);
			defaultConfigurationIsVisible = 0;
			defaultConfigurationName = Release;
		};
		DDD7496C2B84F9DB00675EA7 /* Build configuration list for PBXNativeTarget "swiftui1Tests" */ = {
			isa = XCConfigurationList;
			buildConfigurations = (
				DDD7496D2B84F9DB00675EA7 /* Debug */,
				DDD7496E2B84F9DB00675EA7 /* Release */,
			);
			defaultConfigurationIsVisible = 0;
			defaultConfigurationName = Release;
		};
		DDD7496F2B84F9DB00675EA7 /* Build configuration list for PBXNativeTarget "swiftui1UITests" */ = {
			isa = XCConfigurationList;
			buildConfigurations = (
				DDD749702B84F9DB00675EA7 /* Debug */,
				DDD749712B84F9DB00675EA7 /* Release */,
			);
			defaultConfigurationIsVisible = 0;
			defaultConfigurationName = Release;
		};
/* End XCConfigurationList section */
	};
	rootObject = DDD7493D2B84F9DA00675EA7 /* Project object */;
}
